
Microsoft Visual Studio Solution File, Format Version 12.00
# Visual Studio Version 17
VisualStudioVersion = 17.0.31903.59
MinimumVisualStudioVersion = 10.0.40219.1
Project("{2150E333-8FDC-42A3-9474-1A3956D46DE8}") = "src", "src", "{827E0CD3-B72D-47B6-A68D-7590B98EB39B}"
EndProject
Project("{FAE04EC0-301F-11D3-BF4B-00C04F79EFBC}") = "Ngeoltx.Engine", "src\Ngeoltx.Engine\Ngeoltx.Engine.csproj", "{4CAE74FB-E418-4D42-832D-070DBB4196B4}"
EndProject
Project("{FAE04EC0-301F-11D3-BF4B-00C04F79EFBC}") = "Ngeoltx.Drivers", "src\Ngeoltx.Drivers\Ngeoltx.Drivers.csproj", "{C2750CB3-AB45-4C5B-9D1B-B5F98576EEDC}"
EndProject
Project("{FAE04EC0-301F-11D3-BF4B-00C04F79EFBC}") = "Ngeoltx.App", "src\Ngeoltx.App\Ngeoltx.App.csproj", "{44D06456-CD6B-4FC3-932E-FFC7AF41E17A}"
EndProject
Project("{FAE04EC0-301F-11D3-BF4B-00C04F79EFBC}") = "Ngeoltx.Cli", "src\Ngeoltx.Cli\Ngeoltx.Cli.csproj", "{CDB2E2C7-00BC-4267-844C-33A5CF9EBC8A}"
EndProject
Project("{FAE04EC0-301F-11D3-BF4B-00C04F79EFBC}") = "Ngeoltx.Tests", "tests\Ngeoltx.Tests\Ngeoltx.Tests.csproj", "{4B1D5D38-FAFA-4932-BAED-7FCD010052C9}"
EndProject
Global
	GlobalSection(SolutionConfigurationPlatforms) = preSolution
		Debug|Any CPU = Debug|Any CPU
		Debug|x64 = Debug|x64
		Debug|x86 = Debug|x86
		Release|Any CPU = Release|Any CPU
		Release|x64 = Release|x64
		Release|x86 = Release|x86
	EndGlobalSection
	GlobalSection(ProjectConfigurationPlatforms) = postSolution
		{4CAE74FB-E418-4D42-832D-070DBB4196B4}.Debug|Any CPU.ActiveCfg = Debug|Any CPU
		{4CAE74FB-E418-4D42-832D-070DBB4196B4}.Debug|Any CPU.Build.0 = Debug|Any CPU
		{4CAE74FB-E418-4D42-832D-070DBB4196B4}.Debug|x64.ActiveCfg = Debug|Any CPU
		{4CAE74FB-E418-4D42-832D-070DBB4196B4}.Debug|x64.Build.0 = Debug|Any CPU
		{4CAE74FB-E418-4D42-832D-070DBB4196B4}.Debug|x86.ActiveCfg = Debug|Any CPU
		{4CAE74FB-E418-4D42-832D-070DBB4196B4}.Debug|x86.Build.0 = Debug|Any CPU
		{4CAE74FB-E418-4D42-832D-070DBB4196B4}.Release|Any CPU.ActiveCfg = Release|Any CPU
		{4CAE74FB-E418-4D42-832D-070DBB4196B4}.Release|Any CPU.Build.0 = Release|Any CPU
		{4CAE74FB-E418-4D42-832D-070DBB4196B4}.Release|x64.ActiveCfg = Release|Any CPU
		{4CAE74FB-E418-4D42-832D-070DBB4196B4}.Release|x64.Build.0 = Release|Any CPU
		{4CAE74FB-E418-4D42-832D-070DBB4196B4}.Release|x86.ActiveCfg = Release|Any CPU
		{4CAE74FB-E418-4D42-832D-070DBB4196B4}.Release|x86.Build.0 = Release|Any CPU
		{C2750CB3-AB45-4C5B-9D1B-B5F98576EEDC}.Debug|Any CPU.ActiveCfg = Debug|Any CPU
		{C2750CB3-AB45-4C5B-9D1B-B5F98576EEDC}.Debug|Any CPU.Build.0 = Debug|Any CPU
		{C2750CB3-AB45-4C5B-9D1B-B5F98576EEDC}.Debug|x64.ActiveCfg = Debug|Any CPU
		{C2750CB3-AB45-4C5B-9D1B-B5F98576EEDC}.Debug|x64.Build.0 = Debug|Any CPU
		{C2750CB3-AB45-4C5B-9D1B-B5F98576EEDC}.Debug|x86.ActiveCfg = Debug|Any CPU
		{C2750CB3-AB45-4C5B-9D1B-B5F98576EEDC}.Debug|x86.Build.0 = Debug|Any CPU
		{C2750CB3-AB45-4C5B-9D1B-B5F98576EEDC}.Release|Any CPU.ActiveCfg = Release|Any CPU
		{C2750CB3-AB45-4C5B-9D1B-B5F98576EEDC}.Release|Any CPU.Build.0 = Release|Any CPU
		{C2750CB3-AB45-4C5B-9D1B-B5F98576EEDC}.Release|x64.ActiveCfg = Release|Any CPU
		{C2750CB3-AB45-4C5B-9D1B-B5F98576EEDC}.Release|x64.Build.0 = Release|Any CPU
		{C2750CB3-AB45-4C5B-9D1B-B5F98576EEDC}.Release|x86.ActiveCfg = Release|Any CPU
		{C2750CB3-AB45-4C5B-9D1B-B5F98576EEDC}.Release|x86.Build.0 = Release|Any CPU
		{44D06456-CD6B-4FC3-932E-FFC7AF41E17A}.Debug|Any CPU.ActiveCfg = Debug|Any CPU
		{44D06456-CD6B-4FC3-932E-FFC7AF41E17A}.Debug|Any CPU.Build.0 = Debug|Any CPU
		{44D06456-CD6B-4FC3-932E-FFC7AF41E17A}.Debug|x64.ActiveCfg = Debug|Any CPU
		{44D06456-CD6B-4FC3-932E-FFC7AF41E17A}.Debug|x64.Build.0 = Debug|Any CPU
		{44D06456-CD6B-4FC3-932E-FFC7AF41E17A}.Debug|x86.ActiveCfg = Debug|Any CPU
		{44D06456-CD6B-4FC3-932E-FFC7AF41E17A}.Debug|x86.Build.0 = Debug|Any CPU
		{44D06456-CD6B-4FC3-932E-FFC7AF41E17A}.Release|Any CPU.ActiveCfg = Release|Any CPU
		{44D06456-CD6B-4FC3-932E-FFC7AF41E17A}.Release|Any CPU.Build.0 = Release|Any CPU
		{44D06456-CD6B-4FC3-932E-FFC7AF41E17A}.Release|x64.ActiveCfg = Release|Any CPU
		{44D06456-CD6B-4FC3-932E-FFC7AF41E17A}.Release|x64.Build.0 = Release|Any CPU
		{44D06456-CD6B-4FC3-932E-FFC7AF41E17A}.Release|x86.ActiveCfg = Release|Any CPU
		{44D06456-CD6B-4FC3-932E-FFC7AF41E17A}.Release|x86.Build.0 = Release|Any CPU
		{CDB2E2C7-00BC-4267-844C-33A5CF9EBC8A}.Debug|Any CPU.ActiveCfg = Debug|Any CPU
		{CDB2E2C7-00BC-4267-844C-33A5CF9EBC8A}.Debug|Any CPU.Build.0 = Debug|Any CPU
		{CDB2E2C7-00BC-4267-844C-33A5CF9EBC8A}.Debug|x64.ActiveCfg = Debug|Any CPU
		{CDB2E2C7-00BC-4267-844C-33A5CF9EBC8A}.Debug|x64.Build.0 = Debug|Any CPU
		{CDB2E2C7-00BC-4267-844C-33A5CF9EBC8A}.Debug|x86.ActiveCfg = Debug|Any CPU
		{CDB2E2C7-00BC-4267-844C-33A5CF9EBC8A}.Debug|x86.Build.0 = Debug|Any CPU
		{CDB2E2C7-00BC-4267-844C-33A5CF9EBC8A}.Release|Any CPU.ActiveCfg = Release|Any CPU
		{CDB2E2C7-00BC-4267-844C-33A5CF9EBC8A}.Release|Any CPU.Build.0 = Release|Any CPU
		{CDB2E2C7-00BC-4267-844C-33A5CF9EBC8A}.Release|x64.ActiveCfg = Release|Any CPU
		{CDB2E2C7-00BC-4267-844C-33A5CF9EBC8A}.Release|x64.Build.0 = Release|Any CPU
		{CDB2E2C7-00BC-4267-844C-33A5CF9EBC8A}.Release|x86.ActiveCfg = Release|Any CPU
		{CDB2E2C7-00BC-4267-844C-33A5CF9EBC8A}.Release|x86.Build.0 = Release|Any CPU
		{4B1D5D38-FAFA-4932-BAED-7FCD010052C9}.Debug|Any CPU.ActiveCfg = Debug|Any CPU
		{4B1D5D38-FAFA-4932-BAED-7FCD010052C9}.Debug|Any CPU.Build.0 = Debug|Any CPU
		{4B1D5D38-FAFA-4932-BAED-7FCD010052C9}.Debug|x64.ActiveCfg = Debug|Any CPU
		{4B1D5D38-FAFA-4932-BAED-7FCD010052C9}.Debug|x64.Build.0 = Debug|Any CPU
		{4B1D5D38-FAFA-4932-BAED-7FCD010052C9}.Debug|x86.ActiveCfg = Debug|Any CPU
		{4B1D5D38-FAFA-4932-BAED-7FCD010052C9}.Debug|x86.Build.0 = Debug|Any CPU
		{4B1D5D38-FAFA-4932-BAED-7FCD010052C9}.Release|Any CPU.ActiveCfg = Release|Any CPU
		{4B1D5D38-FAFA-4932-BAED-7FCD010052C9}.Release|Any CPU.Build.0 = Release|Any CPU
		{4B1D5D38-FAFA-4932-BAED-7FCD010052C9}.Release|x64.ActiveCfg = Release|Any CPU
		{4B1D5D38-FAFA-4932-BAED-7FCD010052C9}.Release|x64.Build.0 = Release|Any CPU
		{4B1D5D38-FAFA-4932-BAED-7FCD010052C9}.Release|x86.ActiveCfg = Release|Any CPU
		{4B1D5D38-FAFA-4932-BAED-7FCD010052C9}.Release|x86.Build.0 = Release|Any CPU
	EndGlobalSection
	GlobalSection(SolutionProperties) = preSolution
		HideSolutionNode = FALSE
	EndGlobalSection
	GlobalSection(NestedProjects) = preSolution
		{4CAE74FB-E418-4D42-832D-070DBB4196B4} = {827E0CD3-B72D-47B6-A68D-7590B98EB39B}
		{C2750CB3-AB45-4C5B-9D1B-B5F98576EEDC} = {827E0CD3-B72D-47B6-A68D-7590B98EB39B}
		{44D06456-CD6B-4FC3-932E-FFC7AF41E17A} = {827E0CD3-B72D-47B6-A68D-7590B98EB39B}
		{CDB2E2C7-00BC-4267-844C-33A5CF9EBC8A} = {827E0CD3-B72D-47B6-A68D-7590B98EB39B}
		{4B1D5D38-FAFA-4932-BAED-7FCD010052C9} = {827E0CD3-B72D-47B6-A68D-7590B98EB39B}
	EndGlobalSection
EndGlobal
